
Microsoft Visual Studio Solution File, Format Version 12.00
# Visual Studio 15
VisualStudioVersion = 15.0.27130.2027
MinimumVisualStudioVersion = 10.0.40219.1
Project("{FAE04EC0-301F-11D3-BF4B-00C04F79EFBC}") = "EstateMgr", "EstateMgr\EstateMgr.csproj", "{6DF6DAF8-D792-4EAA-9EF4-46DD3A8908FC}"
EndProject
Project("{FAE04EC0-301F-11D3-BF4B-00C04F79EFBC}") = "EstateMgrCore", "ClassLibrary1\EstateMgrCore.csproj", "{97BF410D-602E-4225-9725-3CD4B9D1F9B1}"
EndProject
Global
	GlobalSection(SolutionConfigurationPlatforms) = preSolution
		Debug|Any CPU = Debug|Any CPU
		Release|Any CPU = Release|Any CPU
	EndGlobalSection
	GlobalSection(ProjectConfigurationPlatforms) = postSolution
		{6DF6DAF8-D792-4EAA-9EF4-46DD3A8908FC}.Debug|Any CPU.ActiveCfg = Debug|Any CPU
		{6DF6DAF8-D792-4EAA-9EF4-46DD3A8908FC}.Debug|Any CPU.Build.0 = Debug|Any CPU
		{6DF6DAF8-D792-4EAA-9EF4-46DD3A8908FC}.Release|Any CPU.ActiveCfg = Release|Any CPU
		{6DF6DAF8-D792-4EAA-9EF4-46DD3A8908FC}.Release|Any CPU.Build.0 = Release|Any CPU
		{97BF410D-602E-4225-9725-3CD4B9D1F9B1}.Debug|Any CPU.ActiveCfg = Debug|Any CPU
		{97BF410D-602E-4225-9725-3CD4B9D1F9B1}.Debug|Any CPU.Build.0 = Debug|Any CPU
		{97BF410D-602E-4225-9725-3CD4B9D1F9B1}.Release|Any CPU.ActiveCfg = Release|Any CPU
		{97BF410D-602E-4225-9725-3CD4B9D1F9B1}.Release|Any CPU.Build.0 = Release|Any CPU
	EndGlobalSection
	GlobalSection(SolutionProperties) = preSolution
		HideSolutionNode = FALSE
	EndGlobalSection
	GlobalSection(ExtensibilityGlobals) = postSolution
		SolutionGuid = {576E0EE8-4149-41CA-A41C-FD0C9429E2A7}
	EndGlobalSection
EndGlobal
